{
  "name": "DB-UI Testapp",
  "lockfileVersion": 2,
  "requires": true,
  "packages": {
    "": {
      "dependencies": {
        "@db-ui/elements": "^0.17.0",
        "@db-ui/react-elements": "^0.17.0"
      }
    },
    "node_modules/@csstools/normalize.css": {
      "version": "12.0.0",
      "resolved": "https://registry.npmjs.org/@csstools/normalize.css/-/normalize.css-12.0.0.tgz",
      "integrity": "sha512-M0qqxAcwCsIVfpFQSlGN5XjXWu8l5JDZN+fPt1LeW5SZexQTgnaEvgXAY+CeygRw0EeppWHi12JxESWiWrB0Sg=="
    },
    "node_modules/@db-ui/base": {
      "version": "0.19.1",
      "resolved": "https://registry.npmjs.org/@db-ui/base/-/base-0.19.1.tgz",
      "integrity": "sha512-TqbNzXdxtS6mKbgdS2VtDfx+VfGI1/K71tknk90Wp5Rs0XmGVOuKu5bR0/3kTd5bmbDTl+Ku5jnwddOpjHtt0Q=="
    },
    "node_modules/@db-ui/core": {
      "version": "2.3.0",
      "resolved": "https://registry.npmjs.org/@db-ui/core/-/core-2.3.0.tgz",
      "integrity": "sha512-gveUlzMjn1KmYBn9eQkGg9obxHSu/VfYCDdIdcWUm46Y7yYCgq9hg9RkR+KYtmGlWKPuBV7HCIISclDi68wWBA==",
      "dependencies": {
        "@csstools/normalize.css": "^12.0.0",
        "@db-ui/base": "^0.19.1"
      }
    },
    "node_modules/@db-ui/elements": {
      "version": "0.17.0",
      "resolved": "https://registry.npmjs.org/@db-ui/elements/-/elements-0.17.0.tgz",
      "integrity": "sha512-ycAqWea+22T9n2UTVEBEwfxZj/YzFDuCusjbHROz9s5eZxs7oc9ZbeS94FSsHwHL2nRKN2ygDaOBsvRMbklpbw==",
      "dependencies": {
        "@db-ui/core": "^2.3.0"
      }
    },
    "node_modules/@db-ui/react-elements": {
      "version": "0.17.0",
      "resolved": "https://registry.npmjs.org/@db-ui/react-elements/-/react-elements-0.17.0.tgz",
      "integrity": "sha512-B58zYfBYtdc76lJ0TJRL8oGzSTHFq91d6wPxYQkFVlfxH2KXlQoz0fHPwbbw/AM3HCCYezFpO6novXGIkxkiOg==",
      "dependencies": {
        "@db-ui/elements": "0.17.0"
      }
    }
  },
  "dependencies": {
    "@csstools/normalize.css": {
      "version": "12.0.0",
      "resolved": "https://registry.npmjs.org/@csstools/normalize.css/-/normalize.css-12.0.0.tgz",
      "integrity": "sha512-M0qqxAcwCsIVfpFQSlGN5XjXWu8l5JDZN+fPt1LeW5SZexQTgnaEvgXAY+CeygRw0EeppWHi12JxESWiWrB0Sg=="
    },
    "@db-ui/base": {
      "version": "0.19.1",
      "resolved": "https://registry.npmjs.org/@db-ui/base/-/base-0.19.1.tgz",
      "integrity": "sha512-TqbNzXdxtS6mKbgdS2VtDfx+VfGI1/K71tknk90Wp5Rs0XmGVOuKu5bR0/3kTd5bmbDTl+Ku5jnwddOpjHtt0Q=="
    },
    "@db-ui/core": {
      "version": "2.3.0",
      "resolved": "https://registry.npmjs.org/@db-ui/core/-/core-2.3.0.tgz",
      "integrity": "sha512-gveUlzMjn1KmYBn9eQkGg9obxHSu/VfYCDdIdcWUm46Y7yYCgq9hg9RkR+KYtmGlWKPuBV7HCIISclDi68wWBA==",
      "requires": {
        "@csstools/normalize.css": "^12.0.0",
        "@db-ui/base": "^0.19.1"
      }
    },
    "@db-ui/elements": {
      "version": "0.17.0",
      "resolved": "https://registry.npmjs.org/@db-ui/elements/-/elements-0.17.0.tgz",
      "integrity": "sha512-ycAqWea+22T9n2UTVEBEwfxZj/YzFDuCusjbHROz9s5eZxs7oc9ZbeS94FSsHwHL2nRKN2ygDaOBsvRMbklpbw==",
      "requires": {
        "@db-ui/core": "^2.3.0"
      }
    },
    "@db-ui/react-elements": {
      "version": "0.17.0",
      "resolved": "https://registry.npmjs.org/@db-ui/react-elements/-/react-elements-0.17.0.tgz",
      "integrity": "sha512-B58zYfBYtdc76lJ0TJRL8oGzSTHFq91d6wPxYQkFVlfxH2KXlQoz0fHPwbbw/AM3HCCYezFpO6novXGIkxkiOg==",
      "requires": {
        "@db-ui/elements": "0.17.0"
      }
    }
  }
}
